
Microsoft Visual Studio Solution File, Format Version 12.00
# Visual Studio Version 17
VisualStudioVersion = 17.10.35013.160
MinimumVisualStudioVersion = 10.0.40219.1
Project("{FAE04EC0-301F-11D3-BF4B-00C04F79EFBC}") = "Task7", "Task7\Task7.csproj", "{47C07C66-6D1F-4249-91D4-FBCFC43FC11E}"
EndProject
Global
	GlobalSection(SolutionConfigurationPlatforms) = preSolution
		Debug|Any CPU = Debug|Any CPU
		Release|Any CPU = Release|Any CPU
	EndGlobalSection
	GlobalSection(ProjectConfigurationPlatforms) = postSolution
		{47C07C66-6D1F-4249-91D4-FBCFC43FC11E}.Debug|Any CPU.ActiveCfg = Debug|Any CPU
		{47C07C66-6D1F-4249-91D4-FBCFC43FC11E}.Debug|Any CPU.Build.0 = Debug|Any CPU
		{47C07C66-6D1F-4249-91D4-FBCFC43FC11E}.Release|Any CPU.ActiveCfg = Release|Any CPU
		{47C07C66-6D1F-4249-91D4-FBCFC43FC11E}.Release|Any CPU.Build.0 = Release|Any CPU
	EndGlobalSection
	GlobalSection(SolutionProperties) = preSolution
		HideSolutionNode = FALSE
	EndGlobalSection
	GlobalSection(ExtensibilityGlobals) = postSolution
		SolutionGuid = {D5414B99-3408-478E-84B0-666471606F8A}
	EndGlobalSection
EndGlobal
